
Microsoft Visual Studio Solution File, Format Version 12.00
# Visual Studio 15
VisualStudioVersion = 15.0.26124.0
MinimumVisualStudioVersion = 15.0.26124.0
Project("{FAE04EC0-301F-11D3-BF4B-00C04F79EFBC}") = "Nodegem.Common", "Common\Nodegem.Common.csproj", "{9771E4EE-7460-4528-81C1-5F982CA7E91F}"
EndProject
Project("{FAE04EC0-301F-11D3-BF4B-00C04F79EFBC}") = "Nodegem.Data", "Data\Nodegem.Data.csproj", "{391E2490-D250-4976-A02B-C067473D7F91}"
EndProject
Project("{FAE04EC0-301F-11D3-BF4B-00C04F79EFBC}") = "Nodegem.WebApi", "WebApi\Nodegem.WebApi.csproj", "{ACB448ED-1E2B-48E7-BAB0-2D03383ACFC5}"
EndProject
Project("{2150E333-8FDC-42A3-9474-1A3956D46DE8}") = "ClientService", "ClientService", "{DB134FB8-82B6-4633-BBFD-F45D371FF600}"
EndProject
Project("{FAE04EC0-301F-11D3-BF4B-00C04F79EFBC}") = "Nodegem.ClientService.Data", "ClientService\Nodegem.ClientService.Data\Nodegem.ClientService.Data.csproj", "{E5FC009D-E894-4AB6-A90D-7C0583F1396A}"
EndProject
Project("{FAE04EC0-301F-11D3-BF4B-00C04F79EFBC}") = "Nodegem.ClientService", "ClientService\Nodegem.ClientService\Nodegem.ClientService.csproj", "{8557D9F0-20D1-45D3-8729-857194CE7457}"
EndProject
Global
	GlobalSection(SolutionConfigurationPlatforms) = preSolution
		Debug|Any CPU = Debug|Any CPU
		Debug|x64 = Debug|x64
		Debug|x86 = Debug|x86
		Release|Any CPU = Release|Any CPU
		Release|x64 = Release|x64
		Release|x86 = Release|x86
	EndGlobalSection
	GlobalSection(SolutionProperties) = preSolution
		HideSolutionNode = FALSE
	EndGlobalSection
	GlobalSection(ProjectConfigurationPlatforms) = postSolution
		{9771E4EE-7460-4528-81C1-5F982CA7E91F}.Debug|Any CPU.ActiveCfg = Debug|Any CPU
		{9771E4EE-7460-4528-81C1-5F982CA7E91F}.Debug|Any CPU.Build.0 = Debug|Any CPU
		{9771E4EE-7460-4528-81C1-5F982CA7E91F}.Debug|x64.ActiveCfg = Debug|Any CPU
		{9771E4EE-7460-4528-81C1-5F982CA7E91F}.Debug|x64.Build.0 = Debug|Any CPU
		{9771E4EE-7460-4528-81C1-5F982CA7E91F}.Debug|x86.ActiveCfg = Debug|Any CPU
		{9771E4EE-7460-4528-81C1-5F982CA7E91F}.Debug|x86.Build.0 = Debug|Any CPU
		{9771E4EE-7460-4528-81C1-5F982CA7E91F}.Release|Any CPU.ActiveCfg = Release|Any CPU
		{9771E4EE-7460-4528-81C1-5F982CA7E91F}.Release|Any CPU.Build.0 = Release|Any CPU
		{9771E4EE-7460-4528-81C1-5F982CA7E91F}.Release|x64.ActiveCfg = Release|Any CPU
		{9771E4EE-7460-4528-81C1-5F982CA7E91F}.Release|x64.Build.0 = Release|Any CPU
		{9771E4EE-7460-4528-81C1-5F982CA7E91F}.Release|x86.ActiveCfg = Release|Any CPU
		{9771E4EE-7460-4528-81C1-5F982CA7E91F}.Release|x86.Build.0 = Release|Any CPU
		{391E2490-D250-4976-A02B-C067473D7F91}.Debug|Any CPU.ActiveCfg = Debug|Any CPU
		{391E2490-D250-4976-A02B-C067473D7F91}.Debug|Any CPU.Build.0 = Debug|Any CPU
		{391E2490-D250-4976-A02B-C067473D7F91}.Debug|x64.ActiveCfg = Debug|Any CPU
		{391E2490-D250-4976-A02B-C067473D7F91}.Debug|x64.Build.0 = Debug|Any CPU
		{391E2490-D250-4976-A02B-C067473D7F91}.Debug|x86.ActiveCfg = Debug|Any CPU
		{391E2490-D250-4976-A02B-C067473D7F91}.Debug|x86.Build.0 = Debug|Any CPU
		{391E2490-D250-4976-A02B-C067473D7F91}.Release|Any CPU.ActiveCfg = Release|Any CPU
		{391E2490-D250-4976-A02B-C067473D7F91}.Release|Any CPU.Build.0 = Release|Any CPU
		{391E2490-D250-4976-A02B-C067473D7F91}.Release|x64.ActiveCfg = Release|Any CPU
		{391E2490-D250-4976-A02B-C067473D7F91}.Release|x64.Build.0 = Release|Any CPU
		{391E2490-D250-4976-A02B-C067473D7F91}.Release|x86.ActiveCfg = Release|Any CPU
		{391E2490-D250-4976-A02B-C067473D7F91}.Release|x86.Build.0 = Release|Any CPU
		{ACB448ED-1E2B-48E7-BAB0-2D03383ACFC5}.Debug|Any CPU.ActiveCfg = Debug|Any CPU
		{ACB448ED-1E2B-48E7-BAB0-2D03383ACFC5}.Debug|Any CPU.Build.0 = Debug|Any CPU
		{ACB448ED-1E2B-48E7-BAB0-2D03383ACFC5}.Debug|x64.ActiveCfg = Debug|Any CPU
		{ACB448ED-1E2B-48E7-BAB0-2D03383ACFC5}.Debug|x64.Build.0 = Debug|Any CPU
		{ACB448ED-1E2B-48E7-BAB0-2D03383ACFC5}.Debug|x86.ActiveCfg = Debug|Any CPU
		{ACB448ED-1E2B-48E7-BAB0-2D03383ACFC5}.Debug|x86.Build.0 = Debug|Any CPU
		{ACB448ED-1E2B-48E7-BAB0-2D03383ACFC5}.Release|Any CPU.ActiveCfg = Release|Any CPU
		{ACB448ED-1E2B-48E7-BAB0-2D03383ACFC5}.Release|Any CPU.Build.0 = Release|Any CPU
		{ACB448ED-1E2B-48E7-BAB0-2D03383ACFC5}.Release|x64.ActiveCfg = Release|Any CPU
		{ACB448ED-1E2B-48E7-BAB0-2D03383ACFC5}.Release|x64.Build.0 = Release|Any CPU
		{ACB448ED-1E2B-48E7-BAB0-2D03383ACFC5}.Release|x86.ActiveCfg = Release|Any CPU
		{ACB448ED-1E2B-48E7-BAB0-2D03383ACFC5}.Release|x86.Build.0 = Release|Any CPU
		{E5FC009D-E894-4AB6-A90D-7C0583F1396A}.Debug|Any CPU.ActiveCfg = Debug|Any CPU
		{E5FC009D-E894-4AB6-A90D-7C0583F1396A}.Debug|Any CPU.Build.0 = Debug|Any CPU
		{E5FC009D-E894-4AB6-A90D-7C0583F1396A}.Debug|x64.ActiveCfg = Debug|Any CPU
		{E5FC009D-E894-4AB6-A90D-7C0583F1396A}.Debug|x64.Build.0 = Debug|Any CPU
		{E5FC009D-E894-4AB6-A90D-7C0583F1396A}.Debug|x86.ActiveCfg = Debug|Any CPU
		{E5FC009D-E894-4AB6-A90D-7C0583F1396A}.Debug|x86.Build.0 = Debug|Any CPU
		{E5FC009D-E894-4AB6-A90D-7C0583F1396A}.Release|Any CPU.ActiveCfg = Release|Any CPU
		{E5FC009D-E894-4AB6-A90D-7C0583F1396A}.Release|Any CPU.Build.0 = Release|Any CPU
		{E5FC009D-E894-4AB6-A90D-7C0583F1396A}.Release|x64.ActiveCfg = Release|Any CPU
		{E5FC009D-E894-4AB6-A90D-7C0583F1396A}.Release|x64.Build.0 = Release|Any CPU
		{E5FC009D-E894-4AB6-A90D-7C0583F1396A}.Release|x86.ActiveCfg = Release|Any CPU
		{E5FC009D-E894-4AB6-A90D-7C0583F1396A}.Release|x86.Build.0 = Release|Any CPU
		{8557D9F0-20D1-45D3-8729-857194CE7457}.Debug|Any CPU.ActiveCfg = Debug|Any CPU
		{8557D9F0-20D1-45D3-8729-857194CE7457}.Debug|Any CPU.Build.0 = Debug|Any CPU
		{8557D9F0-20D1-45D3-8729-857194CE7457}.Debug|x64.ActiveCfg = Debug|Any CPU
		{8557D9F0-20D1-45D3-8729-857194CE7457}.Debug|x64.Build.0 = Debug|Any CPU
		{8557D9F0-20D1-45D3-8729-857194CE7457}.Debug|x86.ActiveCfg = Debug|Any CPU
		{8557D9F0-20D1-45D3-8729-857194CE7457}.Debug|x86.Build.0 = Debug|Any CPU
		{8557D9F0-20D1-45D3-8729-857194CE7457}.Release|Any CPU.ActiveCfg = Release|Any CPU
		{8557D9F0-20D1-45D3-8729-857194CE7457}.Release|Any CPU.Build.0 = Release|Any CPU
		{8557D9F0-20D1-45D3-8729-857194CE7457}.Release|x64.ActiveCfg = Release|Any CPU
		{8557D9F0-20D1-45D3-8729-857194CE7457}.Release|x64.Build.0 = Release|Any CPU
		{8557D9F0-20D1-45D3-8729-857194CE7457}.Release|x86.ActiveCfg = Release|Any CPU
		{8557D9F0-20D1-45D3-8729-857194CE7457}.Release|x86.Build.0 = Release|Any CPU
	EndGlobalSection
	GlobalSection(NestedProjects) = preSolution
		{E5FC009D-E894-4AB6-A90D-7C0583F1396A} = {DB134FB8-82B6-4633-BBFD-F45D371FF600}
		{8557D9F0-20D1-45D3-8729-857194CE7457} = {DB134FB8-82B6-4633-BBFD-F45D371FF600}
	EndGlobalSection
EndGlobal
