
Microsoft Visual Studio Solution File, Format Version 12.00
# Visual Studio 15
VisualStudioVersion = 15.0.26124.0
MinimumVisualStudioVersion = 15.0.26124.0
Project("{FAE04EC0-301F-11D3-BF4B-00C04F79EFBC}") = "Nodester.WebApi", "Nodester.WebApi.csproj", "{85054F87-50C1-4D1B-ACD0-B9BD98D73F47}"
EndProject
Project("{FAE04EC0-301F-11D3-BF4B-00C04F79EFBC}") = "Nodester.Data", "..\Data\Nodester.Data.csproj", "{92E85113-5845-46A2-B274-7AD0A4035259}"
EndProject
Project("{FAE04EC0-301F-11D3-BF4B-00C04F79EFBC}") = "Nodester.Common", "..\Common\Nodester.Common.csproj", "{0C7EA0C5-B83A-4145-973A-90C4F3A9F7A7}"
EndProject
Project("{FAE04EC0-301F-11D3-BF4B-00C04F79EFBC}") = "Nodester.Services.Data", "..\Services\Data\Nodester.Services.Data.csproj", "{05702C83-CFB3-4962-986F-653FCAC52AA2}"
EndProject
Project("{FAE04EC0-301F-11D3-BF4B-00C04F79EFBC}") = "Nodester.Services", "..\Services\Services\Nodester.Services.csproj", "{E56B4CF0-6B97-4327-BDCA-9BA09B4136B8}"
EndProject
Project("{FAE04EC0-301F-11D3-BF4B-00C04F79EFBC}") = "Nodester.Engine", "..\Engine\Core\Nodester.Engine.csproj", "{17160AF0-E021-4BDE-8EEB-793C11C9B554}"
EndProject
Project("{FAE04EC0-301F-11D3-BF4B-00C04F79EFBC}") = "Nodester.Engine.Data", "..\Engine\Core.Data\Nodester.Engine.Data.csproj", "{AACF6BDF-9FD0-4026-8B8C-B272A69F0A29}"
EndProject
Project("{2150E333-8FDC-42A3-9474-1A3956D46DE8}") = "Libraries", "Libraries", "{748AD36C-D1D1-4F60-AAF9-90A2EFC74B4F}"
EndProject
Project("{2150E333-8FDC-42A3-9474-1A3956D46DE8}") = "Engine", "Engine", "{D2A687D9-AA40-4175-8FB6-78A32B8A229A}"
EndProject
Project("{FAE04EC0-301F-11D3-BF4B-00C04F79EFBC}") = "Nodester.Engine.ThirdParty", "..\Engine\ThirdParty\Nodester.Engine.ThirdParty.csproj", "{82A205A7-D22D-4565-9D89-730EA6731E4E}"
EndProject
Project("{FAE04EC0-301F-11D3-BF4B-00C04F79EFBC}") = "Nodester.Engine.ThirdParty.Data", "..\Engine\ThirdParty.Data\Nodester.Engine.ThirdParty.Data.csproj", "{B3678081-9493-419A-AB57-A8EFB9B695DD}"
EndProject
Global
	GlobalSection(SolutionConfigurationPlatforms) = preSolution
		Debug|Any CPU = Debug|Any CPU
		Debug|x64 = Debug|x64
		Debug|x86 = Debug|x86
		Release|Any CPU = Release|Any CPU
		Release|x64 = Release|x64
		Release|x86 = Release|x86
	EndGlobalSection
	GlobalSection(ProjectConfigurationPlatforms) = postSolution
		{85054F87-50C1-4D1B-ACD0-B9BD98D73F47}.Debug|Any CPU.ActiveCfg = Debug|Any CPU
		{85054F87-50C1-4D1B-ACD0-B9BD98D73F47}.Debug|Any CPU.Build.0 = Debug|Any CPU
		{85054F87-50C1-4D1B-ACD0-B9BD98D73F47}.Debug|x64.ActiveCfg = Debug|Any CPU
		{85054F87-50C1-4D1B-ACD0-B9BD98D73F47}.Debug|x64.Build.0 = Debug|Any CPU
		{85054F87-50C1-4D1B-ACD0-B9BD98D73F47}.Debug|x86.ActiveCfg = Debug|Any CPU
		{85054F87-50C1-4D1B-ACD0-B9BD98D73F47}.Debug|x86.Build.0 = Debug|Any CPU
		{85054F87-50C1-4D1B-ACD0-B9BD98D73F47}.Release|Any CPU.ActiveCfg = Release|Any CPU
		{85054F87-50C1-4D1B-ACD0-B9BD98D73F47}.Release|Any CPU.Build.0 = Release|Any CPU
		{85054F87-50C1-4D1B-ACD0-B9BD98D73F47}.Release|x64.ActiveCfg = Release|Any CPU
		{85054F87-50C1-4D1B-ACD0-B9BD98D73F47}.Release|x64.Build.0 = Release|Any CPU
		{85054F87-50C1-4D1B-ACD0-B9BD98D73F47}.Release|x86.ActiveCfg = Release|Any CPU
		{85054F87-50C1-4D1B-ACD0-B9BD98D73F47}.Release|x86.Build.0 = Release|Any CPU
		{92E85113-5845-46A2-B274-7AD0A4035259}.Debug|Any CPU.ActiveCfg = Debug|Any CPU
		{92E85113-5845-46A2-B274-7AD0A4035259}.Debug|Any CPU.Build.0 = Debug|Any CPU
		{92E85113-5845-46A2-B274-7AD0A4035259}.Debug|x64.ActiveCfg = Debug|Any CPU
		{92E85113-5845-46A2-B274-7AD0A4035259}.Debug|x64.Build.0 = Debug|Any CPU
		{92E85113-5845-46A2-B274-7AD0A4035259}.Debug|x86.ActiveCfg = Debug|Any CPU
		{92E85113-5845-46A2-B274-7AD0A4035259}.Debug|x86.Build.0 = Debug|Any CPU
		{92E85113-5845-46A2-B274-7AD0A4035259}.Release|Any CPU.ActiveCfg = Release|Any CPU
		{92E85113-5845-46A2-B274-7AD0A4035259}.Release|Any CPU.Build.0 = Release|Any CPU
		{92E85113-5845-46A2-B274-7AD0A4035259}.Release|x64.ActiveCfg = Release|Any CPU
		{92E85113-5845-46A2-B274-7AD0A4035259}.Release|x64.Build.0 = Release|Any CPU
		{92E85113-5845-46A2-B274-7AD0A4035259}.Release|x86.ActiveCfg = Release|Any CPU
		{92E85113-5845-46A2-B274-7AD0A4035259}.Release|x86.Build.0 = Release|Any CPU
		{0C7EA0C5-B83A-4145-973A-90C4F3A9F7A7}.Debug|Any CPU.ActiveCfg = Debug|Any CPU
		{0C7EA0C5-B83A-4145-973A-90C4F3A9F7A7}.Debug|Any CPU.Build.0 = Debug|Any CPU
		{0C7EA0C5-B83A-4145-973A-90C4F3A9F7A7}.Debug|x64.ActiveCfg = Debug|Any CPU
		{0C7EA0C5-B83A-4145-973A-90C4F3A9F7A7}.Debug|x64.Build.0 = Debug|Any CPU
		{0C7EA0C5-B83A-4145-973A-90C4F3A9F7A7}.Debug|x86.ActiveCfg = Debug|Any CPU
		{0C7EA0C5-B83A-4145-973A-90C4F3A9F7A7}.Debug|x86.Build.0 = Debug|Any CPU
		{0C7EA0C5-B83A-4145-973A-90C4F3A9F7A7}.Release|Any CPU.ActiveCfg = Release|Any CPU
		{0C7EA0C5-B83A-4145-973A-90C4F3A9F7A7}.Release|Any CPU.Build.0 = Release|Any CPU
		{0C7EA0C5-B83A-4145-973A-90C4F3A9F7A7}.Release|x64.ActiveCfg = Release|Any CPU
		{0C7EA0C5-B83A-4145-973A-90C4F3A9F7A7}.Release|x64.Build.0 = Release|Any CPU
		{0C7EA0C5-B83A-4145-973A-90C4F3A9F7A7}.Release|x86.ActiveCfg = Release|Any CPU
		{0C7EA0C5-B83A-4145-973A-90C4F3A9F7A7}.Release|x86.Build.0 = Release|Any CPU
		{05702C83-CFB3-4962-986F-653FCAC52AA2}.Debug|Any CPU.ActiveCfg = Debug|Any CPU
		{05702C83-CFB3-4962-986F-653FCAC52AA2}.Debug|Any CPU.Build.0 = Debug|Any CPU
		{05702C83-CFB3-4962-986F-653FCAC52AA2}.Debug|x64.ActiveCfg = Debug|Any CPU
		{05702C83-CFB3-4962-986F-653FCAC52AA2}.Debug|x64.Build.0 = Debug|Any CPU
		{05702C83-CFB3-4962-986F-653FCAC52AA2}.Debug|x86.ActiveCfg = Debug|Any CPU
		{05702C83-CFB3-4962-986F-653FCAC52AA2}.Debug|x86.Build.0 = Debug|Any CPU
		{05702C83-CFB3-4962-986F-653FCAC52AA2}.Release|Any CPU.ActiveCfg = Release|Any CPU
		{05702C83-CFB3-4962-986F-653FCAC52AA2}.Release|Any CPU.Build.0 = Release|Any CPU
		{05702C83-CFB3-4962-986F-653FCAC52AA2}.Release|x64.ActiveCfg = Release|Any CPU
		{05702C83-CFB3-4962-986F-653FCAC52AA2}.Release|x64.Build.0 = Release|Any CPU
		{05702C83-CFB3-4962-986F-653FCAC52AA2}.Release|x86.ActiveCfg = Release|Any CPU
		{05702C83-CFB3-4962-986F-653FCAC52AA2}.Release|x86.Build.0 = Release|Any CPU
		{E56B4CF0-6B97-4327-BDCA-9BA09B4136B8}.Debug|Any CPU.ActiveCfg = Debug|Any CPU
		{E56B4CF0-6B97-4327-BDCA-9BA09B4136B8}.Debug|Any CPU.Build.0 = Debug|Any CPU
		{E56B4CF0-6B97-4327-BDCA-9BA09B4136B8}.Debug|x64.ActiveCfg = Debug|Any CPU
		{E56B4CF0-6B97-4327-BDCA-9BA09B4136B8}.Debug|x64.Build.0 = Debug|Any CPU
		{E56B4CF0-6B97-4327-BDCA-9BA09B4136B8}.Debug|x86.ActiveCfg = Debug|Any CPU
		{E56B4CF0-6B97-4327-BDCA-9BA09B4136B8}.Debug|x86.Build.0 = Debug|Any CPU
		{E56B4CF0-6B97-4327-BDCA-9BA09B4136B8}.Release|Any CPU.ActiveCfg = Release|Any CPU
		{E56B4CF0-6B97-4327-BDCA-9BA09B4136B8}.Release|Any CPU.Build.0 = Release|Any CPU
		{E56B4CF0-6B97-4327-BDCA-9BA09B4136B8}.Release|x64.ActiveCfg = Release|Any CPU
		{E56B4CF0-6B97-4327-BDCA-9BA09B4136B8}.Release|x64.Build.0 = Release|Any CPU
		{E56B4CF0-6B97-4327-BDCA-9BA09B4136B8}.Release|x86.ActiveCfg = Release|Any CPU
		{E56B4CF0-6B97-4327-BDCA-9BA09B4136B8}.Release|x86.Build.0 = Release|Any CPU
		{17160AF0-E021-4BDE-8EEB-793C11C9B554}.Debug|Any CPU.ActiveCfg = Debug|Any CPU
		{17160AF0-E021-4BDE-8EEB-793C11C9B554}.Debug|Any CPU.Build.0 = Debug|Any CPU
		{17160AF0-E021-4BDE-8EEB-793C11C9B554}.Debug|x64.ActiveCfg = Debug|Any CPU
		{17160AF0-E021-4BDE-8EEB-793C11C9B554}.Debug|x64.Build.0 = Debug|Any CPU
		{17160AF0-E021-4BDE-8EEB-793C11C9B554}.Debug|x86.ActiveCfg = Debug|Any CPU
		{17160AF0-E021-4BDE-8EEB-793C11C9B554}.Debug|x86.Build.0 = Debug|Any CPU
		{17160AF0-E021-4BDE-8EEB-793C11C9B554}.Release|Any CPU.ActiveCfg = Release|Any CPU
		{17160AF0-E021-4BDE-8EEB-793C11C9B554}.Release|Any CPU.Build.0 = Release|Any CPU
		{17160AF0-E021-4BDE-8EEB-793C11C9B554}.Release|x64.ActiveCfg = Release|Any CPU
		{17160AF0-E021-4BDE-8EEB-793C11C9B554}.Release|x64.Build.0 = Release|Any CPU
		{17160AF0-E021-4BDE-8EEB-793C11C9B554}.Release|x86.ActiveCfg = Release|Any CPU
		{17160AF0-E021-4BDE-8EEB-793C11C9B554}.Release|x86.Build.0 = Release|Any CPU
		{AACF6BDF-9FD0-4026-8B8C-B272A69F0A29}.Debug|Any CPU.ActiveCfg = Debug|Any CPU
		{AACF6BDF-9FD0-4026-8B8C-B272A69F0A29}.Debug|Any CPU.Build.0 = Debug|Any CPU
		{AACF6BDF-9FD0-4026-8B8C-B272A69F0A29}.Debug|x64.ActiveCfg = Debug|Any CPU
		{AACF6BDF-9FD0-4026-8B8C-B272A69F0A29}.Debug|x64.Build.0 = Debug|Any CPU
		{AACF6BDF-9FD0-4026-8B8C-B272A69F0A29}.Debug|x86.ActiveCfg = Debug|Any CPU
		{AACF6BDF-9FD0-4026-8B8C-B272A69F0A29}.Debug|x86.Build.0 = Debug|Any CPU
		{AACF6BDF-9FD0-4026-8B8C-B272A69F0A29}.Release|Any CPU.ActiveCfg = Release|Any CPU
		{AACF6BDF-9FD0-4026-8B8C-B272A69F0A29}.Release|Any CPU.Build.0 = Release|Any CPU
		{AACF6BDF-9FD0-4026-8B8C-B272A69F0A29}.Release|x64.ActiveCfg = Release|Any CPU
		{AACF6BDF-9FD0-4026-8B8C-B272A69F0A29}.Release|x64.Build.0 = Release|Any CPU
		{AACF6BDF-9FD0-4026-8B8C-B272A69F0A29}.Release|x86.ActiveCfg = Release|Any CPU
		{AACF6BDF-9FD0-4026-8B8C-B272A69F0A29}.Release|x86.Build.0 = Release|Any CPU
		{82A205A7-D22D-4565-9D89-730EA6731E4E}.Debug|Any CPU.ActiveCfg = Debug|Any CPU
		{82A205A7-D22D-4565-9D89-730EA6731E4E}.Debug|Any CPU.Build.0 = Debug|Any CPU
		{82A205A7-D22D-4565-9D89-730EA6731E4E}.Debug|x64.ActiveCfg = Debug|Any CPU
		{82A205A7-D22D-4565-9D89-730EA6731E4E}.Debug|x64.Build.0 = Debug|Any CPU
		{82A205A7-D22D-4565-9D89-730EA6731E4E}.Debug|x86.ActiveCfg = Debug|Any CPU
		{82A205A7-D22D-4565-9D89-730EA6731E4E}.Debug|x86.Build.0 = Debug|Any CPU
		{82A205A7-D22D-4565-9D89-730EA6731E4E}.Release|Any CPU.ActiveCfg = Release|Any CPU
		{82A205A7-D22D-4565-9D89-730EA6731E4E}.Release|Any CPU.Build.0 = Release|Any CPU
		{82A205A7-D22D-4565-9D89-730EA6731E4E}.Release|x64.ActiveCfg = Release|Any CPU
		{82A205A7-D22D-4565-9D89-730EA6731E4E}.Release|x64.Build.0 = Release|Any CPU
		{82A205A7-D22D-4565-9D89-730EA6731E4E}.Release|x86.ActiveCfg = Release|Any CPU
		{82A205A7-D22D-4565-9D89-730EA6731E4E}.Release|x86.Build.0 = Release|Any CPU
		{B3678081-9493-419A-AB57-A8EFB9B695DD}.Debug|Any CPU.ActiveCfg = Debug|Any CPU
		{B3678081-9493-419A-AB57-A8EFB9B695DD}.Debug|Any CPU.Build.0 = Debug|Any CPU
		{B3678081-9493-419A-AB57-A8EFB9B695DD}.Debug|x64.ActiveCfg = Debug|Any CPU
		{B3678081-9493-419A-AB57-A8EFB9B695DD}.Debug|x64.Build.0 = Debug|Any CPU
		{B3678081-9493-419A-AB57-A8EFB9B695DD}.Debug|x86.ActiveCfg = Debug|Any CPU
		{B3678081-9493-419A-AB57-A8EFB9B695DD}.Debug|x86.Build.0 = Debug|Any CPU
		{B3678081-9493-419A-AB57-A8EFB9B695DD}.Release|Any CPU.ActiveCfg = Release|Any CPU
		{B3678081-9493-419A-AB57-A8EFB9B695DD}.Release|Any CPU.Build.0 = Release|Any CPU
		{B3678081-9493-419A-AB57-A8EFB9B695DD}.Release|x64.ActiveCfg = Release|Any CPU
		{B3678081-9493-419A-AB57-A8EFB9B695DD}.Release|x64.Build.0 = Release|Any CPU
		{B3678081-9493-419A-AB57-A8EFB9B695DD}.Release|x86.ActiveCfg = Release|Any CPU
		{B3678081-9493-419A-AB57-A8EFB9B695DD}.Release|x86.Build.0 = Release|Any CPU
	EndGlobalSection
	GlobalSection(SolutionProperties) = preSolution
		HideSolutionNode = FALSE
	EndGlobalSection
	GlobalSection(ExtensibilityGlobals) = postSolution
		SolutionGuid = {D9F186F8-E18F-4C9C-8766-85774C7EC569}
	EndGlobalSection
	GlobalSection(NestedProjects) = preSolution
		{0C7EA0C5-B83A-4145-973A-90C4F3A9F7A7} = {748AD36C-D1D1-4F60-AAF9-90A2EFC74B4F}
		{92E85113-5845-46A2-B274-7AD0A4035259} = {748AD36C-D1D1-4F60-AAF9-90A2EFC74B4F}
		{E56B4CF0-6B97-4327-BDCA-9BA09B4136B8} = {748AD36C-D1D1-4F60-AAF9-90A2EFC74B4F}
		{05702C83-CFB3-4962-986F-653FCAC52AA2} = {748AD36C-D1D1-4F60-AAF9-90A2EFC74B4F}
		{D2A687D9-AA40-4175-8FB6-78A32B8A229A} = {748AD36C-D1D1-4F60-AAF9-90A2EFC74B4F}
		{17160AF0-E021-4BDE-8EEB-793C11C9B554} = {D2A687D9-AA40-4175-8FB6-78A32B8A229A}
		{AACF6BDF-9FD0-4026-8B8C-B272A69F0A29} = {D2A687D9-AA40-4175-8FB6-78A32B8A229A}
		{82A205A7-D22D-4565-9D89-730EA6731E4E} = {D2A687D9-AA40-4175-8FB6-78A32B8A229A}
		{B3678081-9493-419A-AB57-A8EFB9B695DD} = {D2A687D9-AA40-4175-8FB6-78A32B8A229A}
	EndGlobalSection
EndGlobal
