
Microsoft Visual Studio Solution File, Format Version 12.00
# Visual Studio 15
VisualStudioVersion = 15.0.26124.0
MinimumVisualStudioVersion = 15.0.26124.
Project("{FAE04EC0-301F-11D3-BF4B-00C04F79EFBC}") = "Nodegem.Engine", "..\Engine\Core\Nodegem.Engine.csproj", "{9B8C91D4-F6DB-4EE5-9D63-9A3B0D627083}"
EndProject
Project("{FAE04EC0-301F-11D3-BF4B-00C04F79EFBC}") = "Nodegem.Engine.Data", "..\Engine\Core.Data\Nodegem.Engine.Data.csproj", "{4EC1D96C-6E81-4AE1-BDFC-A958AF9DB04E}"
EndProject
Project("{FAE04EC0-301F-11D3-BF4B-00C04F79EFBC}") = "Nodegem.Services.Data", "..\Services\Data\Nodegem.Services.Data.csproj", "{F081BA40-9ABA-4DA9-B9A5-A67009C8ABC9}"
EndProject
Project("{FAE04EC0-301F-11D3-BF4B-00C04F79EFBC}") = "Nodegem.Services", "..\Services\Services\Nodegem.Services.csproj", "{C87A7AB6-6E52-4C54-925C-407F9E99241D}"
EndProject
Project("{FAE04EC0-301F-11D3-BF4B-00C04F79EFBC}") = "Nodegem.Data", "..\Data\Nodegem.Data.csproj", "{7CBFAD51-4448-493C-8542-1CD7125BD9B4}"
EndProject
Project("{FAE04EC0-301F-11D3-BF4B-00C04F79EFBC}") = "Nodegem.Common", "..\Common\Nodegem.Common.csproj", "{F06F54CB-62C8-41A0-B324-A0C28D019717}"
EndProject
Project("{FAE04EC0-301F-11D3-BF4B-00C04F79EFBC}") = "Nodegem.ClientService", "Nodegem.ClientService\Nodegem.ClientService.csproj", "{AF1A4DE4-FFD0-40FC-AE9B-2A0CA8787E3A}"
EndProject
Project("{FAE04EC0-301F-11D3-BF4B-00C04F79EFBC}") = "Nodegem.ClientService.Data", "Nodegem.ClientService.Data\Nodegem.ClientService.Data.csproj", "{FE61B83D-E62F-4B18-8F04-3E879FCB5973}"
EndProject
Project("{2150E333-8FDC-42A3-9474-1A3956D46DE8}") = "Libraries", "Libraries", "{C3AB149C-66A4-4D7F-BBA1-424A2A5BA58D}"
EndProject
Project("{2150E333-8FDC-42A3-9474-1A3956D46DE8}") = "Engine", "Engine", "{78360FB7-05A7-4983-B93F-559D5DD3F6EA}"
EndProject
Project("{FAE04EC0-301F-11D3-BF4B-00C04F79EFBC}") = "Nodegem.Engine.Integrations", "..\Engine\Integrations\Nodegem.Engine.Integrations.csproj", "{C7C29778-3893-452E-8F3C-11E6F2B9609B}"
EndProject
Project("{FAE04EC0-301F-11D3-BF4B-00C04F79EFBC}") = "Nodegem.Engine.Integrations.Data", "..\Engine\Integrations.Data\Nodegem.Engine.Integrations.Data.csproj", "{198CC467-1CD2-4ABA-88A5-53187D068D8D}"
EndProject
Global
	GlobalSection(SolutionProperties) = preSolution
		HideSolutionNode = FALSE
	EndGlobalSection
	GlobalSection(SolutionConfigurationPlatforms) = preSolution
		Debug|Any CPU = Debug|Any CPU
		Debug|x64 = Debug|x64
		Debug|x86 = Debug|x86
		Release|Any CPU = Release|Any CPU
		Release|x64 = Release|x64
		Release|x86 = Release|x86
	EndGlobalSection
	GlobalSection(ProjectConfigurationPlatforms) = postSolution
		{70ED312E-5CAC-4AE8-81AE-A7158BC52150}.Debug|Any CPU.ActiveCfg = Debug|Any CPU
		{70ED312E-5CAC-4AE8-81AE-A7158BC52150}.Debug|Any CPU.Build.0 = Debug|Any CPU
		{70ED312E-5CAC-4AE8-81AE-A7158BC52150}.Debug|x64.ActiveCfg = Debug|Any CPU
		{70ED312E-5CAC-4AE8-81AE-A7158BC52150}.Debug|x64.Build.0 = Debug|Any CPU
		{70ED312E-5CAC-4AE8-81AE-A7158BC52150}.Debug|x86.ActiveCfg = Debug|Any CPU
		{70ED312E-5CAC-4AE8-81AE-A7158BC52150}.Debug|x86.Build.0 = Debug|Any CPU
		{70ED312E-5CAC-4AE8-81AE-A7158BC52150}.Release|Any CPU.ActiveCfg = Release|Any CPU
		{70ED312E-5CAC-4AE8-81AE-A7158BC52150}.Release|Any CPU.Build.0 = Release|Any CPU
		{70ED312E-5CAC-4AE8-81AE-A7158BC52150}.Release|x64.ActiveCfg = Release|Any CPU
		{70ED312E-5CAC-4AE8-81AE-A7158BC52150}.Release|x64.Build.0 = Release|Any CPU
		{70ED312E-5CAC-4AE8-81AE-A7158BC52150}.Release|x86.ActiveCfg = Release|Any CPU
		{70ED312E-5CAC-4AE8-81AE-A7158BC52150}.Release|x86.Build.0 = Release|Any CPU
		{9B8C91D4-F6DB-4EE5-9D63-9A3B0D627083}.Debug|Any CPU.ActiveCfg = Debug|Any CPU
		{9B8C91D4-F6DB-4EE5-9D63-9A3B0D627083}.Debug|Any CPU.Build.0 = Debug|Any CPU
		{9B8C91D4-F6DB-4EE5-9D63-9A3B0D627083}.Debug|x64.ActiveCfg = Debug|Any CPU
		{9B8C91D4-F6DB-4EE5-9D63-9A3B0D627083}.Debug|x64.Build.0 = Debug|Any CPU
		{9B8C91D4-F6DB-4EE5-9D63-9A3B0D627083}.Debug|x86.ActiveCfg = Debug|Any CPU
		{9B8C91D4-F6DB-4EE5-9D63-9A3B0D627083}.Debug|x86.Build.0 = Debug|Any CPU
		{9B8C91D4-F6DB-4EE5-9D63-9A3B0D627083}.Release|Any CPU.ActiveCfg = Release|Any CPU
		{9B8C91D4-F6DB-4EE5-9D63-9A3B0D627083}.Release|Any CPU.Build.0 = Release|Any CPU
		{9B8C91D4-F6DB-4EE5-9D63-9A3B0D627083}.Release|x64.ActiveCfg = Release|Any CPU
		{9B8C91D4-F6DB-4EE5-9D63-9A3B0D627083}.Release|x64.Build.0 = Release|Any CPU
		{9B8C91D4-F6DB-4EE5-9D63-9A3B0D627083}.Release|x86.ActiveCfg = Release|Any CPU
		{9B8C91D4-F6DB-4EE5-9D63-9A3B0D627083}.Release|x86.Build.0 = Release|Any CPU
		{4EC1D96C-6E81-4AE1-BDFC-A958AF9DB04E}.Debug|Any CPU.ActiveCfg = Debug|Any CPU
		{4EC1D96C-6E81-4AE1-BDFC-A958AF9DB04E}.Debug|Any CPU.Build.0 = Debug|Any CPU
		{4EC1D96C-6E81-4AE1-BDFC-A958AF9DB04E}.Debug|x64.ActiveCfg = Debug|Any CPU
		{4EC1D96C-6E81-4AE1-BDFC-A958AF9DB04E}.Debug|x64.Build.0 = Debug|Any CPU
		{4EC1D96C-6E81-4AE1-BDFC-A958AF9DB04E}.Debug|x86.ActiveCfg = Debug|Any CPU
		{4EC1D96C-6E81-4AE1-BDFC-A958AF9DB04E}.Debug|x86.Build.0 = Debug|Any CPU
		{4EC1D96C-6E81-4AE1-BDFC-A958AF9DB04E}.Release|Any CPU.ActiveCfg = Release|Any CPU
		{4EC1D96C-6E81-4AE1-BDFC-A958AF9DB04E}.Release|Any CPU.Build.0 = Release|Any CPU
		{4EC1D96C-6E81-4AE1-BDFC-A958AF9DB04E}.Release|x64.ActiveCfg = Release|Any CPU
		{4EC1D96C-6E81-4AE1-BDFC-A958AF9DB04E}.Release|x64.Build.0 = Release|Any CPU
		{4EC1D96C-6E81-4AE1-BDFC-A958AF9DB04E}.Release|x86.ActiveCfg = Release|Any CPU
		{4EC1D96C-6E81-4AE1-BDFC-A958AF9DB04E}.Release|x86.Build.0 = Release|Any CPU
		{F081BA40-9ABA-4DA9-B9A5-A67009C8ABC9}.Debug|Any CPU.ActiveCfg = Debug|Any CPU
		{F081BA40-9ABA-4DA9-B9A5-A67009C8ABC9}.Debug|Any CPU.Build.0 = Debug|Any CPU
		{F081BA40-9ABA-4DA9-B9A5-A67009C8ABC9}.Debug|x64.ActiveCfg = Debug|Any CPU
		{F081BA40-9ABA-4DA9-B9A5-A67009C8ABC9}.Debug|x64.Build.0 = Debug|Any CPU
		{F081BA40-9ABA-4DA9-B9A5-A67009C8ABC9}.Debug|x86.ActiveCfg = Debug|Any CPU
		{F081BA40-9ABA-4DA9-B9A5-A67009C8ABC9}.Debug|x86.Build.0 = Debug|Any CPU
		{F081BA40-9ABA-4DA9-B9A5-A67009C8ABC9}.Release|Any CPU.ActiveCfg = Release|Any CPU
		{F081BA40-9ABA-4DA9-B9A5-A67009C8ABC9}.Release|Any CPU.Build.0 = Release|Any CPU
		{F081BA40-9ABA-4DA9-B9A5-A67009C8ABC9}.Release|x64.ActiveCfg = Release|Any CPU
		{F081BA40-9ABA-4DA9-B9A5-A67009C8ABC9}.Release|x64.Build.0 = Release|Any CPU
		{F081BA40-9ABA-4DA9-B9A5-A67009C8ABC9}.Release|x86.ActiveCfg = Release|Any CPU
		{F081BA40-9ABA-4DA9-B9A5-A67009C8ABC9}.Release|x86.Build.0 = Release|Any CPU
		{C87A7AB6-6E52-4C54-925C-407F9E99241D}.Debug|Any CPU.ActiveCfg = Debug|Any CPU
		{C87A7AB6-6E52-4C54-925C-407F9E99241D}.Debug|Any CPU.Build.0 = Debug|Any CPU
		{C87A7AB6-6E52-4C54-925C-407F9E99241D}.Debug|x64.ActiveCfg = Debug|Any CPU
		{C87A7AB6-6E52-4C54-925C-407F9E99241D}.Debug|x64.Build.0 = Debug|Any CPU
		{C87A7AB6-6E52-4C54-925C-407F9E99241D}.Debug|x86.ActiveCfg = Debug|Any CPU
		{C87A7AB6-6E52-4C54-925C-407F9E99241D}.Debug|x86.Build.0 = Debug|Any CPU
		{C87A7AB6-6E52-4C54-925C-407F9E99241D}.Release|Any CPU.ActiveCfg = Release|Any CPU
		{C87A7AB6-6E52-4C54-925C-407F9E99241D}.Release|Any CPU.Build.0 = Release|Any CPU
		{C87A7AB6-6E52-4C54-925C-407F9E99241D}.Release|x64.ActiveCfg = Release|Any CPU
		{C87A7AB6-6E52-4C54-925C-407F9E99241D}.Release|x64.Build.0 = Release|Any CPU
		{C87A7AB6-6E52-4C54-925C-407F9E99241D}.Release|x86.ActiveCfg = Release|Any CPU
		{C87A7AB6-6E52-4C54-925C-407F9E99241D}.Release|x86.Build.0 = Release|Any CPU
		{7CBFAD51-4448-493C-8542-1CD7125BD9B4}.Debug|Any CPU.ActiveCfg = Debug|Any CPU
		{7CBFAD51-4448-493C-8542-1CD7125BD9B4}.Debug|Any CPU.Build.0 = Debug|Any CPU
		{7CBFAD51-4448-493C-8542-1CD7125BD9B4}.Debug|x64.ActiveCfg = Debug|Any CPU
		{7CBFAD51-4448-493C-8542-1CD7125BD9B4}.Debug|x64.Build.0 = Debug|Any CPU
		{7CBFAD51-4448-493C-8542-1CD7125BD9B4}.Debug|x86.ActiveCfg = Debug|Any CPU
		{7CBFAD51-4448-493C-8542-1CD7125BD9B4}.Debug|x86.Build.0 = Debug|Any CPU
		{7CBFAD51-4448-493C-8542-1CD7125BD9B4}.Release|Any CPU.ActiveCfg = Release|Any CPU
		{7CBFAD51-4448-493C-8542-1CD7125BD9B4}.Release|Any CPU.Build.0 = Release|Any CPU
		{7CBFAD51-4448-493C-8542-1CD7125BD9B4}.Release|x64.ActiveCfg = Release|Any CPU
		{7CBFAD51-4448-493C-8542-1CD7125BD9B4}.Release|x64.Build.0 = Release|Any CPU
		{7CBFAD51-4448-493C-8542-1CD7125BD9B4}.Release|x86.ActiveCfg = Release|Any CPU
		{7CBFAD51-4448-493C-8542-1CD7125BD9B4}.Release|x86.Build.0 = Release|Any CPU
		{F06F54CB-62C8-41A0-B324-A0C28D019717}.Debug|Any CPU.ActiveCfg = Debug|Any CPU
		{F06F54CB-62C8-41A0-B324-A0C28D019717}.Debug|Any CPU.Build.0 = Debug|Any CPU
		{F06F54CB-62C8-41A0-B324-A0C28D019717}.Debug|x64.ActiveCfg = Debug|Any CPU
		{F06F54CB-62C8-41A0-B324-A0C28D019717}.Debug|x64.Build.0 = Debug|Any CPU
		{F06F54CB-62C8-41A0-B324-A0C28D019717}.Debug|x86.ActiveCfg = Debug|Any CPU
		{F06F54CB-62C8-41A0-B324-A0C28D019717}.Debug|x86.Build.0 = Debug|Any CPU
		{F06F54CB-62C8-41A0-B324-A0C28D019717}.Release|Any CPU.ActiveCfg = Release|Any CPU
		{F06F54CB-62C8-41A0-B324-A0C28D019717}.Release|Any CPU.Build.0 = Release|Any CPU
		{F06F54CB-62C8-41A0-B324-A0C28D019717}.Release|x64.ActiveCfg = Release|Any CPU
		{F06F54CB-62C8-41A0-B324-A0C28D019717}.Release|x64.Build.0 = Release|Any CPU
		{F06F54CB-62C8-41A0-B324-A0C28D019717}.Release|x86.ActiveCfg = Release|Any CPU
		{F06F54CB-62C8-41A0-B324-A0C28D019717}.Release|x86.Build.0 = Release|Any CPU
		{AF1A4DE4-FFD0-40FC-AE9B-2A0CA8787E3A}.Debug|Any CPU.ActiveCfg = Debug|Any CPU
		{AF1A4DE4-FFD0-40FC-AE9B-2A0CA8787E3A}.Debug|Any CPU.Build.0 = Debug|Any CPU
		{AF1A4DE4-FFD0-40FC-AE9B-2A0CA8787E3A}.Debug|x64.ActiveCfg = Debug|Any CPU
		{AF1A4DE4-FFD0-40FC-AE9B-2A0CA8787E3A}.Debug|x64.Build.0 = Debug|Any CPU
		{AF1A4DE4-FFD0-40FC-AE9B-2A0CA8787E3A}.Debug|x86.ActiveCfg = Debug|Any CPU
		{AF1A4DE4-FFD0-40FC-AE9B-2A0CA8787E3A}.Debug|x86.Build.0 = Debug|Any CPU
		{AF1A4DE4-FFD0-40FC-AE9B-2A0CA8787E3A}.Release|Any CPU.ActiveCfg = Release|Any CPU
		{AF1A4DE4-FFD0-40FC-AE9B-2A0CA8787E3A}.Release|Any CPU.Build.0 = Release|Any CPU
		{AF1A4DE4-FFD0-40FC-AE9B-2A0CA8787E3A}.Release|x64.ActiveCfg = Release|Any CPU
		{AF1A4DE4-FFD0-40FC-AE9B-2A0CA8787E3A}.Release|x64.Build.0 = Release|Any CPU
		{AF1A4DE4-FFD0-40FC-AE9B-2A0CA8787E3A}.Release|x86.ActiveCfg = Release|Any CPU
		{AF1A4DE4-FFD0-40FC-AE9B-2A0CA8787E3A}.Release|x86.Build.0 = Release|Any CPU
		{FE61B83D-E62F-4B18-8F04-3E879FCB5973}.Debug|Any CPU.ActiveCfg = Debug|Any CPU
		{FE61B83D-E62F-4B18-8F04-3E879FCB5973}.Debug|Any CPU.Build.0 = Debug|Any CPU
		{FE61B83D-E62F-4B18-8F04-3E879FCB5973}.Debug|x64.ActiveCfg = Debug|Any CPU
		{FE61B83D-E62F-4B18-8F04-3E879FCB5973}.Debug|x64.Build.0 = Debug|Any CPU
		{FE61B83D-E62F-4B18-8F04-3E879FCB5973}.Debug|x86.ActiveCfg = Debug|Any CPU
		{FE61B83D-E62F-4B18-8F04-3E879FCB5973}.Debug|x86.Build.0 = Debug|Any CPU
		{FE61B83D-E62F-4B18-8F04-3E879FCB5973}.Release|Any CPU.ActiveCfg = Release|Any CPU
		{FE61B83D-E62F-4B18-8F04-3E879FCB5973}.Release|Any CPU.Build.0 = Release|Any CPU
		{FE61B83D-E62F-4B18-8F04-3E879FCB5973}.Release|x64.ActiveCfg = Release|Any CPU
		{FE61B83D-E62F-4B18-8F04-3E879FCB5973}.Release|x64.Build.0 = Release|Any CPU
		{FE61B83D-E62F-4B18-8F04-3E879FCB5973}.Release|x86.ActiveCfg = Release|Any CPU
		{FE61B83D-E62F-4B18-8F04-3E879FCB5973}.Release|x86.Build.0 = Release|Any CPU
		{C7C29778-3893-452E-8F3C-11E6F2B9609B}.Debug|Any CPU.ActiveCfg = Debug|Any CPU
		{C7C29778-3893-452E-8F3C-11E6F2B9609B}.Debug|Any CPU.Build.0 = Debug|Any CPU
		{C7C29778-3893-452E-8F3C-11E6F2B9609B}.Debug|x64.ActiveCfg = Debug|Any CPU
		{C7C29778-3893-452E-8F3C-11E6F2B9609B}.Debug|x64.Build.0 = Debug|Any CPU
		{C7C29778-3893-452E-8F3C-11E6F2B9609B}.Debug|x86.ActiveCfg = Debug|Any CPU
		{C7C29778-3893-452E-8F3C-11E6F2B9609B}.Debug|x86.Build.0 = Debug|Any CPU
		{C7C29778-3893-452E-8F3C-11E6F2B9609B}.Release|Any CPU.ActiveCfg = Release|Any CPU
		{C7C29778-3893-452E-8F3C-11E6F2B9609B}.Release|Any CPU.Build.0 = Release|Any CPU
		{C7C29778-3893-452E-8F3C-11E6F2B9609B}.Release|x64.ActiveCfg = Release|Any CPU
		{C7C29778-3893-452E-8F3C-11E6F2B9609B}.Release|x64.Build.0 = Release|Any CPU
		{C7C29778-3893-452E-8F3C-11E6F2B9609B}.Release|x86.ActiveCfg = Release|Any CPU
		{C7C29778-3893-452E-8F3C-11E6F2B9609B}.Release|x86.Build.0 = Release|Any CPU
		{198CC467-1CD2-4ABA-88A5-53187D068D8D}.Debug|Any CPU.ActiveCfg = Debug|Any CPU
		{198CC467-1CD2-4ABA-88A5-53187D068D8D}.Debug|Any CPU.Build.0 = Debug|Any CPU
		{198CC467-1CD2-4ABA-88A5-53187D068D8D}.Debug|x64.ActiveCfg = Debug|Any CPU
		{198CC467-1CD2-4ABA-88A5-53187D068D8D}.Debug|x64.Build.0 = Debug|Any CPU
		{198CC467-1CD2-4ABA-88A5-53187D068D8D}.Debug|x86.ActiveCfg = Debug|Any CPU
		{198CC467-1CD2-4ABA-88A5-53187D068D8D}.Debug|x86.Build.0 = Debug|Any CPU
		{198CC467-1CD2-4ABA-88A5-53187D068D8D}.Release|Any CPU.ActiveCfg = Release|Any CPU
		{198CC467-1CD2-4ABA-88A5-53187D068D8D}.Release|Any CPU.Build.0 = Release|Any CPU
		{198CC467-1CD2-4ABA-88A5-53187D068D8D}.Release|x64.ActiveCfg = Release|Any CPU
		{198CC467-1CD2-4ABA-88A5-53187D068D8D}.Release|x64.Build.0 = Release|Any CPU
		{198CC467-1CD2-4ABA-88A5-53187D068D8D}.Release|x86.ActiveCfg = Release|Any CPU
		{198CC467-1CD2-4ABA-88A5-53187D068D8D}.Release|x86.Build.0 = Release|Any CPU
	EndGlobalSection
	GlobalSection(NestedProjects) = preSolution
		{F06F54CB-62C8-41A0-B324-A0C28D019717} = {C3AB149C-66A4-4D7F-BBA1-424A2A5BA58D}
		{7CBFAD51-4448-493C-8542-1CD7125BD9B4} = {C3AB149C-66A4-4D7F-BBA1-424A2A5BA58D}
		{C87A7AB6-6E52-4C54-925C-407F9E99241D} = {C3AB149C-66A4-4D7F-BBA1-424A2A5BA58D}
		{F081BA40-9ABA-4DA9-B9A5-A67009C8ABC9} = {C3AB149C-66A4-4D7F-BBA1-424A2A5BA58D}
		{78360FB7-05A7-4983-B93F-559D5DD3F6EA} = {C3AB149C-66A4-4D7F-BBA1-424A2A5BA58D}
		{9B8C91D4-F6DB-4EE5-9D63-9A3B0D627083} = {78360FB7-05A7-4983-B93F-559D5DD3F6EA}
		{4EC1D96C-6E81-4AE1-BDFC-A958AF9DB04E} = {78360FB7-05A7-4983-B93F-559D5DD3F6EA}
		{C7C29778-3893-452E-8F3C-11E6F2B9609B} = {78360FB7-05A7-4983-B93F-559D5DD3F6EA}
		{198CC467-1CD2-4ABA-88A5-53187D068D8D} = {78360FB7-05A7-4983-B93F-559D5DD3F6EA}
	EndGlobalSection
EndGlobal
